
Microsoft Visual Studio Solution File, Format Version 12.00
# Visual Studio 14
VisualStudioVersion = 14.0.25123.0
MinimumVisualStudioVersion = 10.0.40219.1
Project("{AE819424-1D9F-4085-B789-D73C671FAA8C}") = "Sitecore.Support.38955", "Sitecore.Support.38955\Sitecore.Support.38955.csproj", "{8248738F-1E4E-47C8-A22A-260F14EB9D74}"
EndProject
Global
	GlobalSection(SolutionConfigurationPlatforms) = preSolution
		Debug|Any CPU = Debug|Any CPU
		Release|Any CPU = Release|Any CPU
	EndGlobalSection
	GlobalSection(ProjectConfigurationPlatforms) = postSolution
		{8248738F-1E4E-47C8-A22A-260F14EB9D74}.Debug|Any CPU.ActiveCfg = Debug|Any CPU
		{8248738F-1E4E-47C8-A22A-260F14EB9D74}.Debug|Any CPU.Build.0 = Debug|Any CPU
		{8248738F-1E4E-47C8-A22A-260F14EB9D74}.Release|Any CPU.ActiveCfg = Release|Any CPU
		{8248738F-1E4E-47C8-A22A-260F14EB9D74}.Release|Any CPU.Build.0 = Release|Any CPU
	EndGlobalSection
	GlobalSection(SolutionProperties) = preSolution
		HideSolutionNode = FALSE
	EndGlobalSection
EndGlobal
